// !$*UTF8*$!
{
	archiveVersion = 1;
	classes = {
	};
	objectVersion = 77;
	objects = {

/* Begin PBXBuildFile section */
		8617ED952D735EA300D40D0E /* AppRootFeature in Frameworks */ = {isa = PBXBuildFile; productRef = 8617ED942D735EA300D40D0E /* AppRootFeature */; };
/* End PBXBuildFile section */

/* Begin PBXContainerItemProxy section */
		864A07D52D5659E800ECB60E /* PBXContainerItemProxy */ = {
			isa = PBXContainerItemProxy;
			containerPortal = 864A07BB2D5659E600ECB60E /* Project object */;
			proxyType = 1;
			remoteGlobalIDString = 864A07C22D5659E600ECB60E;
			remoteInfo = line;
		};
		864A07DF2D5659E800ECB60E /* PBXContainerItemProxy */ = {
			isa = PBXContainerItemProxy;
			containerPortal = 864A07BB2D5659E600ECB60E /* Project object */;
			proxyType = 1;
			remoteGlobalIDString = 864A07C22D5659E600ECB60E;
			remoteInfo = line;
		};
/* End PBXContainerItemProxy section */

/* Begin PBXFileReference section */
		864A07C32D5659E600ECB60E /* line.app */ = {isa = PBXFileReference; explicitFileType = wrapper.application; includeInIndex = 0; path = line.app; sourceTree = BUILT_PRODUCTS_DIR; };
		864A07D42D5659E800ECB60E /* lineTests.xctest */ = {isa = PBXFileReference; explicitFileType = wrapper.cfbundle; includeInIndex = 0; path = lineTests.xctest; sourceTree = BUILT_PRODUCTS_DIR; };
		864A07DE2D5659E800ECB60E /* lineUITests.xctest */ = {isa = PBXFileReference; explicitFileType = wrapper.cfbundle; includeInIndex = 0; path = lineUITests.xctest; sourceTree = BUILT_PRODUCTS_DIR; };
/* End PBXFileReference section */

/* Begin PBXFileSystemSynchronizedBuildFileExceptionSet section */
		8617ED662D73583300D40D0E /* Exceptions for "line" folder in "line" target */ = {
			isa = PBXFileSystemSynchronizedBuildFileExceptionSet;
			membershipExceptions = (
				Sources/Presentation/.swiftpm/xcode/xcuserdata/hideto1198.xcuserdatad/xcschemes/xcschememanagement.plist,
				Sources/Presentation/AppRootFeature,
				Sources/Presentation/HomeFeature,
				Sources/Presentation/MainTabBarFeature,
				Sources/Presentation/NewsFeature,
				Sources/Presentation/TalkFeature,
				Sources/Presentation/WalletFeature,
			);
			target = 864A07C22D5659E600ECB60E /* line */;
		};
/* End PBXFileSystemSynchronizedBuildFileExceptionSet section */

/* Begin PBXFileSystemSynchronizedRootGroup section */
		864A07C52D5659E600ECB60E /* line */ = {
			isa = PBXFileSystemSynchronizedRootGroup;
			exceptions = (
				8617ED662D73583300D40D0E /* Exceptions for "line" folder in "line" target */,
			);
			path = line;
			sourceTree = "<group>";
		};
		864A07D72D5659E800ECB60E /* lineTests */ = {
			isa = PBXFileSystemSynchronizedRootGroup;
			path = lineTests;
			sourceTree = "<group>";
		};
		864A07E12D5659E800ECB60E /* lineUITests */ = {
			isa = PBXFileSystemSynchronizedRootGroup;
			path = lineUITests;
			sourceTree = "<group>";
		};
/* End PBXFileSystemSynchronizedRootGroup section */

/* Begin PBXFrameworksBuildPhase section */
		864A07C02D5659E600ECB60E /* Frameworks */ = {
			isa = PBXFrameworksBuildPhase;
			buildActionMask = 2147483647;
			files = (
				8617ED952D735EA300D40D0E /* AppRootFeature in Frameworks */,
			);
			runOnlyForDeploymentPostprocessing = 0;
		};
		864A07D12D5659E800ECB60E /* Frameworks */ = {
			isa = PBXFrameworksBuildPhase;
			buildActionMask = 2147483647;
			files = (
			);
			runOnlyForDeploymentPostprocessing = 0;
		};
		864A07DB2D5659E800ECB60E /* Frameworks */ = {
			isa = PBXFrameworksBuildPhase;
			buildActionMask = 2147483647;
			files = (
			);
			runOnlyForDeploymentPostprocessing = 0;
		};
/* End PBXFrameworksBuildPhase section */

/* Begin PBXGroup section */
		864A07BA2D5659E600ECB60E = {
			isa = PBXGroup;
			children = (
				864A07C52D5659E600ECB60E /* line */,
				864A07D72D5659E800ECB60E /* lineTests */,
				864A07E12D5659E800ECB60E /* lineUITests */,
				865CB9DA2D582C85008DDBC8 /* Frameworks */,
				864A07C42D5659E600ECB60E /* Products */,
			);
			sourceTree = "<group>";
		};
		864A07C42D5659E600ECB60E /* Products */ = {
			isa = PBXGroup;
			children = (
				864A07C32D5659E600ECB60E /* line.app */,
				864A07D42D5659E800ECB60E /* lineTests.xctest */,
				864A07DE2D5659E800ECB60E /* lineUITests.xctest */,
			);
			name = Products;
			sourceTree = "<group>";
		};
		865CB9DA2D582C85008DDBC8 /* Frameworks */ = {
			isa = PBXGroup;
			children = (
			);
			name = Frameworks;
			sourceTree = "<group>";
		};
/* End PBXGroup section */

/* Begin PBXNativeTarget section */
		864A07C22D5659E600ECB60E /* line */ = {
			isa = PBXNativeTarget;
			buildConfigurationList = 864A07E82D5659E800ECB60E /* Build configuration list for PBXNativeTarget "line" */;
			buildPhases = (
				864A07BF2D5659E600ECB60E /* Sources */,
				864A07C02D5659E600ECB60E /* Frameworks */,
				864A07C12D5659E600ECB60E /* Resources */,
				868ACC7C2D66D81B00DA2F7F /* Run Script [Vapor] */,
			);
			buildRules = (
			);
			dependencies = (
			);
			fileSystemSynchronizedGroups = (
				864A07C52D5659E600ECB60E /* line */,
			);
			name = line;
			packageProductDependencies = (
				8617ED942D735EA300D40D0E /* AppRootFeature */,
			);
			productName = line;
			productReference = 864A07C32D5659E600ECB60E /* line.app */;
			productType = "com.apple.product-type.application";
		};
		864A07D32D5659E800ECB60E /* lineTests */ = {
			isa = PBXNativeTarget;
			buildConfigurationList = 864A07EB2D5659E800ECB60E /* Build configuration list for PBXNativeTarget "lineTests" */;
			buildPhases = (
				864A07D02D5659E800ECB60E /* Sources */,
				864A07D12D5659E800ECB60E /* Frameworks */,
				864A07D22D5659E800ECB60E /* Resources */,
			);
			buildRules = (
			);
			dependencies = (
				864A07D62D5659E800ECB60E /* PBXTargetDependency */,
			);
			fileSystemSynchronizedGroups = (
				864A07D72D5659E800ECB60E /* lineTests */,
			);
			name = lineTests;
			packageProductDependencies = (
			);
			productName = lineTests;
			productReference = 864A07D42D5659E800ECB60E /* lineTests.xctest */;
			productType = "com.apple.product-type.bundle.unit-test";
		};
		864A07DD2D5659E800ECB60E /* lineUITests */ = {
			isa = PBXNativeTarget;
			buildConfigurationList = 864A07EE2D5659E800ECB60E /* Build configuration list for PBXNativeTarget "lineUITests" */;
			buildPhases = (
				864A07DA2D5659E800ECB60E /* Sources */,
				864A07DB2D5659E800ECB60E /* Frameworks */,
				864A07DC2D5659E800ECB60E /* Resources */,
			);
			buildRules = (
			);
			dependencies = (
				864A07E02D5659E800ECB60E /* PBXTargetDependency */,
			);
			fileSystemSynchronizedGroups = (
				864A07E12D5659E800ECB60E /* lineUITests */,
			);
			name = lineUITests;
			packageProductDependencies = (
			);
			productName = lineUITests;
			productReference = 864A07DE2D5659E800ECB60E /* lineUITests.xctest */;
			productType = "com.apple.product-type.bundle.ui-testing";
		};
/* End PBXNativeTarget section */

/* Begin PBXProject section */
		864A07BB2D5659E600ECB60E /* Project object */ = {
			isa = PBXProject;
			attributes = {
				BuildIndependentTargetsInParallel = 1;
				LastSwiftUpdateCheck = 1620;
				LastUpgradeCheck = 1620;
				TargetAttributes = {
					864A07C22D5659E600ECB60E = {
						CreatedOnToolsVersion = 16.2;
					};
					864A07D32D5659E800ECB60E = {
						CreatedOnToolsVersion = 16.2;
						TestTargetID = 864A07C22D5659E600ECB60E;
					};
					864A07DD2D5659E800ECB60E = {
						CreatedOnToolsVersion = 16.2;
						TestTargetID = 864A07C22D5659E600ECB60E;
					};
				};
			};
			buildConfigurationList = 864A07BE2D5659E600ECB60E /* Build configuration list for PBXProject "line" */;
			developmentRegion = en;
			hasScannedForEncodings = 0;
			knownRegions = (
				en,
				Base,
			);
			mainGroup = 864A07BA2D5659E600ECB60E;
			minimizedProjectReferenceProxies = 1;
			preferredProjectObjectVersion = 77;
			productRefGroup = 864A07C42D5659E600ECB60E /* Products */;
			projectDirPath = "";
			projectRoot = "";
			targets = (
				864A07C22D5659E600ECB60E /* line */,
				864A07D32D5659E800ECB60E /* lineTests */,
				864A07DD2D5659E800ECB60E /* lineUITests */,
			);
		};
/* End PBXProject section */

/* Begin PBXResourcesBuildPhase section */
		864A07C12D5659E600ECB60E /* Resources */ = {
			isa = PBXResourcesBuildPhase;
			buildActionMask = 2147483647;
			files = (
			);
			runOnlyForDeploymentPostprocessing = 0;
		};
		864A07D22D5659E800ECB60E /* Resources */ = {
			isa = PBXResourcesBuildPhase;
			buildActionMask = 2147483647;
			files = (
			);
			runOnlyForDeploymentPostprocessing = 0;
		};
		864A07DC2D5659E800ECB60E /* Resources */ = {
			isa = PBXResourcesBuildPhase;
			buildActionMask = 2147483647;
			files = (
			);
			runOnlyForDeploymentPostprocessing = 0;
		};
/* End PBXResourcesBuildPhase section */

/* Begin PBXShellScriptBuildPhase section */
		868ACC7C2D66D81B00DA2F7F /* Run Script [Vapor] */ = {
			isa = PBXShellScriptBuildPhase;
			buildActionMask = 2147483647;
			files = (
			);
			inputFileListPaths = (
			);
			inputPaths = (
			);
			name = "Run Script [Vapor]";
			outputFileListPaths = (
			);
			outputPaths = (
			);
			runOnlyForDeploymentPostprocessing = 0;
			shellPath = /bin/sh;
			shellScript = "# Type a script or drag a script file from your workspace to insert its path.\ncd ../scripts\nbash start_vapor_server.sh\n";
		};
/* End PBXShellScriptBuildPhase section */

/* Begin PBXSourcesBuildPhase section */
		864A07BF2D5659E600ECB60E /* Sources */ = {
			isa = PBXSourcesBuildPhase;
			buildActionMask = 2147483647;
			files = (
			);
			runOnlyForDeploymentPostprocessing = 0;
		};
		864A07D02D5659E800ECB60E /* Sources */ = {
			isa = PBXSourcesBuildPhase;
			buildActionMask = 2147483647;
			files = (
			);
			runOnlyForDeploymentPostprocessing = 0;
		};
		864A07DA2D5659E800ECB60E /* Sources */ = {
			isa = PBXSourcesBuildPhase;
			buildActionMask = 2147483647;
			files = (
			);
			runOnlyForDeploymentPostprocessing = 0;
		};
/* End PBXSourcesBuildPhase section */

/* Begin PBXTargetDependency section */
		864A07D62D5659E800ECB60E /* PBXTargetDependency */ = {
			isa = PBXTargetDependency;
			target = 864A07C22D5659E600ECB60E /* line */;
			targetProxy = 864A07D52D5659E800ECB60E /* PBXContainerItemProxy */;
		};
		864A07E02D5659E800ECB60E /* PBXTargetDependency */ = {
			isa = PBXTargetDependency;
			target = 864A07C22D5659E600ECB60E /* line */;
			targetProxy = 864A07DF2D5659E800ECB60E /* PBXContainerItemProxy */;
		};
/* End PBXTargetDependency section */

/* Begin XCBuildConfiguration section */
		864A07E62D5659E800ECB60E /* Debug */ = {
			isa = XCBuildConfiguration;
			buildSettings = {
				ALWAYS_SEARCH_USER_PATHS = NO;
				ASSETCATALOG_COMPILER_GENERATE_SWIFT_ASSET_SYMBOL_EXTENSIONS = YES;
				CLANG_ANALYZER_NONNULL = YES;
				CLANG_ANALYZER_NUMBER_OBJECT_CONVERSION = YES_AGGRESSIVE;
				CLANG_CXX_LANGUAGE_STANDARD = "gnu++20";
				CLANG_ENABLE_MODULES = YES;
				CLANG_ENABLE_OBJC_ARC = YES;
				CLANG_ENABLE_OBJC_WEAK = YES;
				CLANG_WARN_BLOCK_CAPTURE_AUTORELEASING = YES;
				CLANG_WARN_BOOL_CONVERSION = YES;
				CLANG_WARN_COMMA = YES;
				CLANG_WARN_CONSTANT_CONVERSION = YES;
				CLANG_WARN_DEPRECATED_OBJC_IMPLEMENTATIONS = YES;
				CLANG_WARN_DIRECT_OBJC_ISA_USAGE = YES_ERROR;
				CLANG_WARN_DOCUMENTATION_COMMENTS = YES;
				CLANG_WARN_EMPTY_BODY = YES;
				CLANG_WARN_ENUM_CONVERSION = YES;
				CLANG_WARN_INFINITE_RECURSION = YES;
				CLANG_WARN_INT_CONVERSION = YES;
				CLANG_WARN_NON_LITERAL_NULL_CONVERSION = YES;
				CLANG_WARN_OBJC_IMPLICIT_RETAIN_SELF = YES;
				CLANG_WARN_OBJC_LITERAL_CONVERSION = YES;
				CLANG_WARN_OBJC_ROOT_CLASS = YES_ERROR;
				CLANG_WARN_QUOTED_INCLUDE_IN_FRAMEWORK_HEADER = YES;
				CLANG_WARN_RANGE_LOOP_ANALYSIS = YES;
				CLANG_WARN_STRICT_PROTOTYPES = YES;
				CLANG_WARN_SUSPICIOUS_MOVE = YES;
				CLANG_WARN_UNGUARDED_AVAILABILITY = YES_AGGRESSIVE;
				CLANG_WARN_UNREACHABLE_CODE = YES;
				CLANG_WARN__DUPLICATE_METHOD_MATCH = YES;
				COPY_PHASE_STRIP = NO;
				DEBUG_INFORMATION_FORMAT = dwarf;
				ENABLE_STRICT_OBJC_MSGSEND = YES;
				ENABLE_TESTABILITY = YES;
				ENABLE_USER_SCRIPT_SANDBOXING = YES;
				GCC_C_LANGUAGE_STANDARD = gnu17;
				GCC_DYNAMIC_NO_PIC = NO;
				GCC_NO_COMMON_BLOCKS = YES;
				GCC_OPTIMIZATION_LEVEL = 0;
				GCC_PREPROCESSOR_DEFINITIONS = (
					"DEBUG=1",
					"$(inherited)",
				);
				GCC_WARN_64_TO_32_BIT_CONVERSION = YES;
				GCC_WARN_ABOUT_RETURN_TYPE = YES_ERROR;
				GCC_WARN_UNDECLARED_SELECTOR = YES;
				GCC_WARN_UNINITIALIZED_AUTOS = YES_AGGRESSIVE;
				GCC_WARN_UNUSED_FUNCTION = YES;
				GCC_WARN_UNUSED_VARIABLE = YES;
				LOCALIZATION_PREFERS_STRING_CATALOGS = YES;
				MTL_ENABLE_DEBUG_INFO = INCLUDE_SOURCE;
				MTL_FAST_MATH = YES;
				ONLY_ACTIVE_ARCH = YES;
				SWIFT_ACTIVE_COMPILATION_CONDITIONS = "DEBUG $(inherited)";
				SWIFT_OPTIMIZATION_LEVEL = "-Onone";
			};
			name = Debug;
		};
		864A07E72D5659E800ECB60E /* Release */ = {
			isa = XCBuildConfiguration;
			buildSettings = {
				ALWAYS_SEARCH_USER_PATHS = NO;
				ASSETCATALOG_COMPILER_GENERATE_SWIFT_ASSET_SYMBOL_EXTENSIONS = YES;
				CLANG_ANALYZER_NONNULL = YES;
				CLANG_ANALYZER_NUMBER_OBJECT_CONVERSION = YES_AGGRESSIVE;
				CLANG_CXX_LANGUAGE_STANDARD = "gnu++20";
				CLANG_ENABLE_MODULES = YES;
				CLANG_ENABLE_OBJC_ARC = YES;
				CLANG_ENABLE_OBJC_WEAK = YES;
				CLANG_WARN_BLOCK_CAPTURE_AUTORELEASING = YES;
				CLANG_WARN_BOOL_CONVERSION = YES;
				CLANG_WARN_COMMA = YES;
				CLANG_WARN_CONSTANT_CONVERSION = YES;
				CLANG_WARN_DEPRECATED_OBJC_IMPLEMENTATIONS = YES;
				CLANG_WARN_DIRECT_OBJC_ISA_USAGE = YES_ERROR;
				CLANG_WARN_DOCUMENTATION_COMMENTS = YES;
				CLANG_WARN_EMPTY_BODY = YES;
				CLANG_WARN_ENUM_CONVERSION = YES;
				CLANG_WARN_INFINITE_RECURSION = YES;
				CLANG_WARN_INT_CONVERSION = YES;
				CLANG_WARN_NON_LITERAL_NULL_CONVERSION = YES;
				CLANG_WARN_OBJC_IMPLICIT_RETAIN_SELF = YES;
				CLANG_WARN_OBJC_LITERAL_CONVERSION = YES;
				CLANG_WARN_OBJC_ROOT_CLASS = YES_ERROR;
				CLANG_WARN_QUOTED_INCLUDE_IN_FRAMEWORK_HEADER = YES;
				CLANG_WARN_RANGE_LOOP_ANALYSIS = YES;
				CLANG_WARN_STRICT_PROTOTYPES = YES;
				CLANG_WARN_SUSPICIOUS_MOVE = YES;
				CLANG_WARN_UNGUARDED_AVAILABILITY = YES_AGGRESSIVE;
				CLANG_WARN_UNREACHABLE_CODE = YES;
				CLANG_WARN__DUPLICATE_METHOD_MATCH = YES;
				COPY_PHASE_STRIP = NO;
				DEBUG_INFORMATION_FORMAT = "dwarf-with-dsym";
				ENABLE_NS_ASSERTIONS = NO;
				ENABLE_STRICT_OBJC_MSGSEND = YES;
				ENABLE_USER_SCRIPT_SANDBOXING = YES;
				GCC_C_LANGUAGE_STANDARD = gnu17;
				GCC_NO_COMMON_BLOCKS = YES;
				GCC_WARN_64_TO_32_BIT_CONVERSION = YES;
				GCC_WARN_ABOUT_RETURN_TYPE = YES_ERROR;
				GCC_WARN_UNDECLARED_SELECTOR = YES;
				GCC_WARN_UNINITIALIZED_AUTOS = YES_AGGRESSIVE;
				GCC_WARN_UNUSED_FUNCTION = YES;
				GCC_WARN_UNUSED_VARIABLE = YES;
				LOCALIZATION_PREFERS_STRING_CATALOGS = YES;
				MTL_ENABLE_DEBUG_INFO = NO;
				MTL_FAST_MATH = YES;
				SWIFT_COMPILATION_MODE = wholemodule;
			};
			name = Release;
		};
		864A07E92D5659E800ECB60E /* Debug */ = {
			isa = XCBuildConfiguration;
			buildSettings = {
				ASSETCATALOG_COMPILER_APPICON_NAME = AppIcon;
				ASSETCATALOG_COMPILER_GLOBAL_ACCENT_COLOR_NAME = AccentColor;
				CODE_SIGN_ENTITLEMENTS = line/line.entitlements;
				CODE_SIGN_STYLE = Automatic;
				CURRENT_PROJECT_VERSION = 1;
				DEVELOPMENT_ASSET_PATHS = "\"line/Preview Content\"";
				DEVELOPMENT_TEAM = 97TBWXLG65;
				ENABLE_HARDENED_RUNTIME = YES;
				ENABLE_PREVIEWS = YES;
				GENERATE_INFOPLIST_FILE = YES;
				INFOPLIST_KEY_CFBundleDisplayName = LINE;
				INFOPLIST_KEY_LSApplicationCategoryType = "public.app-category.entertainment";
				"INFOPLIST_KEY_UIApplicationSceneManifest_Generation[sdk=iphoneos*]" = YES;
				"INFOPLIST_KEY_UIApplicationSceneManifest_Generation[sdk=iphonesimulator*]" = YES;
				"INFOPLIST_KEY_UIApplicationSupportsIndirectInputEvents[sdk=iphoneos*]" = YES;
				"INFOPLIST_KEY_UIApplicationSupportsIndirectInputEvents[sdk=iphonesimulator*]" = YES;
				"INFOPLIST_KEY_UILaunchScreen_Generation[sdk=iphoneos*]" = YES;
				"INFOPLIST_KEY_UILaunchScreen_Generation[sdk=iphonesimulator*]" = YES;
				"INFOPLIST_KEY_UIStatusBarStyle[sdk=iphoneos*]" = UIStatusBarStyleDefault;
				"INFOPLIST_KEY_UIStatusBarStyle[sdk=iphonesimulator*]" = UIStatusBarStyleDefault;
				INFOPLIST_KEY_UISupportedInterfaceOrientations_iPad = "UIInterfaceOrientationPortrait UIInterfaceOrientationPortraitUpsideDown UIInterfaceOrientationLandscapeLeft UIInterfaceOrientationLandscapeRight";
				INFOPLIST_KEY_UISupportedInterfaceOrientations_iPhone = "UIInterfaceOrientationPortrait UIInterfaceOrientationLandscapeLeft UIInterfaceOrientationLandscapeRight";
				IPHONEOS_DEPLOYMENT_TARGET = 17.0;
				LD_RUNPATH_SEARCH_PATHS = "@executable_path/Frameworks";
				"LD_RUNPATH_SEARCH_PATHS[sdk=macosx*]" = "@executable_path/../Frameworks";
				MACOSX_DEPLOYMENT_TARGET = 15.2;
				MARKETING_VERSION = 1.0.0;
				PRODUCT_BUNDLE_IDENTIFIER = "com.app-study.line";
				PRODUCT_NAME = "$(TARGET_NAME)";
				SDKROOT = auto;
				SUPPORTED_PLATFORMS = "iphoneos iphonesimulator";
				SUPPORTS_MACCATALYST = NO;
				SWIFT_EMIT_LOC_STRINGS = YES;
				SWIFT_VERSION = 5.0;
				TARGETED_DEVICE_FAMILY = 1;
				XROS_DEPLOYMENT_TARGET = 2.2;
			};
			name = Debug;
		};
		864A07EA2D5659E800ECB60E /* Release */ = {
			isa = XCBuildConfiguration;
			buildSettings = {
				ASSETCATALOG_COMPILER_APPICON_NAME = AppIcon;
				ASSETCATALOG_COMPILER_GLOBAL_ACCENT_COLOR_NAME = AccentColor;
				CODE_SIGN_ENTITLEMENTS = line/line.entitlements;
				CODE_SIGN_STYLE = Automatic;
				CURRENT_PROJECT_VERSION = 1;
				DEVELOPMENT_ASSET_PATHS = "\"line/Preview Content\"";
				DEVELOPMENT_TEAM = 97TBWXLG65;
				ENABLE_HARDENED_RUNTIME = YES;
				ENABLE_PREVIEWS = YES;
				GENERATE_INFOPLIST_FILE = YES;
				INFOPLIST_KEY_CFBundleDisplayName = LINE;
				INFOPLIST_KEY_LSApplicationCategoryType = "public.app-category.entertainment";
				"INFOPLIST_KEY_UIApplicationSceneManifest_Generation[sdk=iphoneos*]" = YES;
				"INFOPLIST_KEY_UIApplicationSceneManifest_Generation[sdk=iphonesimulator*]" = YES;
				"INFOPLIST_KEY_UIApplicationSupportsIndirectInputEvents[sdk=iphoneos*]" = YES;
				"INFOPLIST_KEY_UIApplicationSupportsIndirectInputEvents[sdk=iphonesimulator*]" = YES;
				"INFOPLIST_KEY_UILaunchScreen_Generation[sdk=iphoneos*]" = YES;
				"INFOPLIST_KEY_UILaunchScreen_Generation[sdk=iphonesimulator*]" = YES;
				"INFOPLIST_KEY_UIStatusBarStyle[sdk=iphoneos*]" = UIStatusBarStyleDefault;
				"INFOPLIST_KEY_UIStatusBarStyle[sdk=iphonesimulator*]" = UIStatusBarStyleDefault;
				INFOPLIST_KEY_UISupportedInterfaceOrientations_iPad = "UIInterfaceOrientationPortrait UIInterfaceOrientationPortraitUpsideDown UIInterfaceOrientationLandscapeLeft UIInterfaceOrientationLandscapeRight";
				INFOPLIST_KEY_UISupportedInterfaceOrientations_iPhone = "UIInterfaceOrientationPortrait UIInterfaceOrientationLandscapeLeft UIInterfaceOrientationLandscapeRight";
				IPHONEOS_DEPLOYMENT_TARGET = 17.0;
				LD_RUNPATH_SEARCH_PATHS = "@executable_path/Frameworks";
				"LD_RUNPATH_SEARCH_PATHS[sdk=macosx*]" = "@executable_path/../Frameworks";
				MACOSX_DEPLOYMENT_TARGET = 15.2;
				MARKETING_VERSION = 1.0.0;
				PRODUCT_BUNDLE_IDENTIFIER = "com.app-study.line";
				PRODUCT_NAME = "$(TARGET_NAME)";
				SDKROOT = auto;
				SUPPORTED_PLATFORMS = "iphoneos iphonesimulator";
				SUPPORTS_MACCATALYST = NO;
				SWIFT_EMIT_LOC_STRINGS = YES;
				SWIFT_VERSION = 5.0;
				TARGETED_DEVICE_FAMILY = 1;
				XROS_DEPLOYMENT_TARGET = 2.2;
			};
			name = Release;
		};
		864A07EC2D5659E800ECB60E /* Debug */ = {
			isa = XCBuildConfiguration;
			buildSettings = {
				BUNDLE_LOADER = "$(TEST_HOST)";
				CODE_SIGN_STYLE = Automatic;
				CURRENT_PROJECT_VERSION = 1;
				DEVELOPMENT_TEAM = 97TBWXLG65;
				GENERATE_INFOPLIST_FILE = YES;
				IPHONEOS_DEPLOYMENT_TARGET = 18.2;
				MACOSX_DEPLOYMENT_TARGET = 15.2;
				MARKETING_VERSION = 1.0;
				PRODUCT_BUNDLE_IDENTIFIER = "com.app-study.lineTests";
				PRODUCT_NAME = "$(TARGET_NAME)";
				SDKROOT = auto;
				SUPPORTED_PLATFORMS = "iphoneos iphonesimulator macosx xros xrsimulator";
				SWIFT_EMIT_LOC_STRINGS = NO;
				SWIFT_VERSION = 5.0;
				TARGETED_DEVICE_FAMILY = "1,2,7";
				TEST_HOST = "$(BUILT_PRODUCTS_DIR)/line.app/$(BUNDLE_EXECUTABLE_FOLDER_PATH)/line";
				XROS_DEPLOYMENT_TARGET = 2.2;
			};
			name = Debug;
		};
		864A07ED2D5659E800ECB60E /* Release */ = {
			isa = XCBuildConfiguration;
			buildSettings = {
				BUNDLE_LOADER = "$(TEST_HOST)";
				CODE_SIGN_STYLE = Automatic;
				CURRENT_PROJECT_VERSION = 1;
				DEVELOPMENT_TEAM = 97TBWXLG65;
				GENERATE_INFOPLIST_FILE = YES;
				IPHONEOS_DEPLOYMENT_TARGET = 18.2;
				MACOSX_DEPLOYMENT_TARGET = 15.2;
				MARKETING_VERSION = 1.0;
				PRODUCT_BUNDLE_IDENTIFIER = "com.app-study.lineTests";
				PRODUCT_NAME = "$(TARGET_NAME)";
				SDKROOT = auto;
				SUPPORTED_PLATFORMS = "iphoneos iphonesimulator macosx xros xrsimulator";
				SWIFT_EMIT_LOC_STRINGS = NO;
				SWIFT_VERSION = 5.0;
				TARGETED_DEVICE_FAMILY = "1,2,7";
				TEST_HOST = "$(BUILT_PRODUCTS_DIR)/line.app/$(BUNDLE_EXECUTABLE_FOLDER_PATH)/line";
				XROS_DEPLOYMENT_TARGET = 2.2;
			};
			name = Release;
		};
		864A07EF2D5659E800ECB60E /* Debug */ = {
			isa = XCBuildConfiguration;
			buildSettings = {
				CODE_SIGN_STYLE = Automatic;
				CURRENT_PROJECT_VERSION = 1;
				DEVELOPMENT_TEAM = 97TBWXLG65;
				GENERATE_INFOPLIST_FILE = YES;
				IPHONEOS_DEPLOYMENT_TARGET = 18.2;
				MACOSX_DEPLOYMENT_TARGET = 15.2;
				MARKETING_VERSION = 1.0;
				PRODUCT_BUNDLE_IDENTIFIER = "com.app-study.lineUITests";
				PRODUCT_NAME = "$(TARGET_NAME)";
				SDKROOT = auto;
				SUPPORTED_PLATFORMS = "iphoneos iphonesimulator macosx xros xrsimulator";
				SWIFT_EMIT_LOC_STRINGS = NO;
				SWIFT_VERSION = 5.0;
				TARGETED_DEVICE_FAMILY = "1,2,7";
				TEST_TARGET_NAME = line;
				XROS_DEPLOYMENT_TARGET = 2.2;
			};
			name = Debug;
		};
		864A07F02D5659E800ECB60E /* Release */ = {
			isa = XCBuildConfiguration;
			buildSettings = {
				CODE_SIGN_STYLE = Automatic;
				CURRENT_PROJECT_VERSION = 1;
				DEVELOPMENT_TEAM = 97TBWXLG65;
				GENERATE_INFOPLIST_FILE = YES;
				IPHONEOS_DEPLOYMENT_TARGET = 18.2;
				MACOSX_DEPLOYMENT_TARGET = 15.2;
				MARKETING_VERSION = 1.0;
				PRODUCT_BUNDLE_IDENTIFIER = "com.app-study.lineUITests";
				PRODUCT_NAME = "$(TARGET_NAME)";
				SDKROOT = auto;
				SUPPORTED_PLATFORMS = "iphoneos iphonesimulator macosx xros xrsimulator";
				SWIFT_EMIT_LOC_STRINGS = NO;
				SWIFT_VERSION = 5.0;
				TARGETED_DEVICE_FAMILY = "1,2,7";
				TEST_TARGET_NAME = line;
				XROS_DEPLOYMENT_TARGET = 2.2;
			};
			name = Release;
		};
/* End XCBuildConfiguration section */

/* Begin XCConfigurationList section */
		864A07BE2D5659E600ECB60E /* Build configuration list for PBXProject "line" */ = {
			isa = XCConfigurationList;
			buildConfigurations = (
				864A07E62D5659E800ECB60E /* Debug */,
				864A07E72D5659E800ECB60E /* Release */,
			);
			defaultConfigurationIsVisible = 0;
			defaultConfigurationName = Release;
		};
		864A07E82D5659E800ECB60E /* Build configuration list for PBXNativeTarget "line" */ = {
			isa = XCConfigurationList;
			buildConfigurations = (
				864A07E92D5659E800ECB60E /* Debug */,
				864A07EA2D5659E800ECB60E /* Release */,
			);
			defaultConfigurationIsVisible = 0;
			defaultConfigurationName = Release;
		};
		864A07EB2D5659E800ECB60E /* Build configuration list for PBXNativeTarget "lineTests" */ = {
			isa = XCConfigurationList;
			buildConfigurations = (
				864A07EC2D5659E800ECB60E /* Debug */,
				864A07ED2D5659E800ECB60E /* Release */,
			);
			defaultConfigurationIsVisible = 0;
			defaultConfigurationName = Release;
		};
		864A07EE2D5659E800ECB60E /* Build configuration list for PBXNativeTarget "lineUITests" */ = {
			isa = XCConfigurationList;
			buildConfigurations = (
				864A07EF2D5659E800ECB60E /* Debug */,
				864A07F02D5659E800ECB60E /* Release */,
			);
			defaultConfigurationIsVisible = 0;
			defaultConfigurationName = Release;
		};
/* End XCConfigurationList section */

/* Begin XCSwiftPackageProductDependency section */
		8617ED942D735EA300D40D0E /* AppRootFeature */ = {
			isa = XCSwiftPackageProductDependency;
			productName = AppRootFeature;
		};
/* End XCSwiftPackageProductDependency section */
	};
	rootObject = 864A07BB2D5659E600ECB60E /* Project object */;
}
